
Microsoft Visual Studio Solution File, Format Version 12.00
# Visual Studio 15
VisualStudioVersion = 15.0.28010.2036
MinimumVisualStudioVersion = 10.0.40219.1
Project("{FAE04EC0-301F-11D3-BF4B-00C04F79EFBC}") = "Forum", "Forum\Forum.csproj", "{178C6D8E-E4B6-4C71-9DF9-7FDEFE86E491}"
EndProject
Global
	GlobalSection(SolutionConfigurationPlatforms) = preSolution
		Debug|Any CPU = Debug|Any CPU
		Release|Any CPU = Release|Any CPU
	EndGlobalSection
	GlobalSection(ProjectConfigurationPlatforms) = postSolution
		{178C6D8E-E4B6-4C71-9DF9-7FDEFE86E491}.Debug|Any CPU.ActiveCfg = Debug|Any CPU
		{178C6D8E-E4B6-4C71-9DF9-7FDEFE86E491}.Debug|Any CPU.Build.0 = Debug|Any CPU
		{178C6D8E-E4B6-4C71-9DF9-7FDEFE86E491}.Release|Any CPU.ActiveCfg = Release|Any CPU
		{178C6D8E-E4B6-4C71-9DF9-7FDEFE86E491}.Release|Any CPU.Build.0 = Release|Any CPU
	EndGlobalSection
	GlobalSection(SolutionProperties) = preSolution
		HideSolutionNode = FALSE
	EndGlobalSection
	GlobalSection(ExtensibilityGlobals) = postSolution
		SolutionGuid = {8F1B22CB-EF50-4D3B-9AA7-ED8BECF8ED7A}
	EndGlobalSection
EndGlobal
